
Microsoft Visual Studio Solution File, Format Version 12.00
# Visual Studio Version 17
VisualStudioVersion = 17.9.34607.119
MinimumVisualStudioVersion = 10.0.40219.1
Project("{FAE04EC0-301F-11D3-BF4B-00C04F79EFBC}") = "GiaoDichHH", "GiaoDichHH\GiaoDichHH.csproj", "{291B0613-0325-49B1-94C4-05C7687516B4}"
EndProject
Global
	GlobalSection(SolutionConfigurationPlatforms) = preSolution
		Debug|Any CPU = Debug|Any CPU
		Release|Any CPU = Release|Any CPU
	EndGlobalSection
	GlobalSection(ProjectConfigurationPlatforms) = postSolution
		{291B0613-0325-49B1-94C4-05C7687516B4}.Debug|Any CPU.ActiveCfg = Debug|Any CPU
		{291B0613-0325-49B1-94C4-05C7687516B4}.Debug|Any CPU.Build.0 = Debug|Any CPU
		{291B0613-0325-49B1-94C4-05C7687516B4}.Release|Any CPU.ActiveCfg = Release|Any CPU
		{291B0613-0325-49B1-94C4-05C7687516B4}.Release|Any CPU.Build.0 = Release|Any CPU
	EndGlobalSection
	GlobalSection(SolutionProperties) = preSolution
		HideSolutionNode = FALSE
	EndGlobalSection
	GlobalSection(ExtensibilityGlobals) = postSolution
		SolutionGuid = {E9717F36-14C5-4188-A25F-15196879EFC2}
	EndGlobalSection
EndGlobal
